{
  "model_type": "recon_bpd",
  "checkpoint_id": "9bfe206f8591f107",
  "criteria": {
    "bpd_cos": 0.8153662847229531,
    "test_cos": 0.63294870754083,
    "rank": 0.398783057011274
  },
  "epoch": 61,
  "dataset_id": "3d60e5805f7e4de0",
  "chive_id": "2464fdddc339db54",
  "mlflow_run_id": "d5b5915e8ca64761835047b278aa6358",
  "created_at": "2026-04-07T16:26:02.329293+00:00"
}
