{
  "model_type": "recon_bpd",
  "checkpoint_id": "6e670177e01674c9",
  "criteria": {
    "bpd_cos": 0.8226104332323553,
    "test_cos": 0.6410972676757309,
    "rank": 0.3628940193642629
  },
  "epoch": 71,
  "dataset_id": "3d60e5805f7e4de0",
  "chive_id": "2464fdddc339db54",
  "mlflow_run_id": "d5b5915e8ca64761835047b278aa6358",
  "created_at": "2026-04-07T21:49:22.876121+00:00"
}
